
Microsoft Visual Studio Solution File, Format Version 12.00
# Visual Studio 15
VisualStudioVersion = 15.0.28010.2003
MinimumVisualStudioVersion = 10.0.40219.1
Project("{FAE04EC0-301F-11D3-BF4B-00C04F79EFBC}") = "LinkPosModelo", "LinkPosModelo\LinkPosModelo.csproj", "{761DB94E-EF77-480B-8CEB-418D2ECA9104}"
EndProject
Project("{FAE04EC0-301F-11D3-BF4B-00C04F79EFBC}") = "LinkPosControl", "LinkPosControl\LinkPosControl.csproj", "{FF1C8614-F3C5-43ED-959B-EB4F9B1C3AC3}"
EndProject
Project("{FAE04EC0-301F-11D3-BF4B-00C04F79EFBC}") = "LinkPos", "LinkPos\LinkPos.csproj", "{2C3E283F-E47F-449B-A627-A4E96A383E5D}"
EndProject
Project("{FAE04EC0-301F-11D3-BF4B-00C04F79EFBC}") = "CustomerReceiptExtensions", "CustomerReceiptExtensions\CustomerReceiptExtensions.csproj", "{4D8480DD-2BE0-43F2-9D5F-B0156AF00377}"
EndProject
Project("{FAE04EC0-301F-11D3-BF4B-00C04F79EFBC}") = "ExternalTriggers", "ExternalTriggers\ExternalTriggers.csproj", "{6D05C781-B9D2-473D-A6C6-13E77FF04644}"
EndProject
Project("{FAE04EC0-301F-11D3-BF4B-00C04F79EFBC}") = "LinkPosUtils", "LinkPosUtils\LinkPosUtils.csproj", "{DAC56C7A-7CD1-410A-BDB4-2B40FC375B80}"
EndProject
Global
	GlobalSection(SolutionConfigurationPlatforms) = preSolution
		Debug|Any CPU = Debug|Any CPU
		Release|Any CPU = Release|Any CPU
	EndGlobalSection
	GlobalSection(ProjectConfigurationPlatforms) = postSolution
		{761DB94E-EF77-480B-8CEB-418D2ECA9104}.Debug|Any CPU.ActiveCfg = Debug|Any CPU
		{761DB94E-EF77-480B-8CEB-418D2ECA9104}.Debug|Any CPU.Build.0 = Debug|Any CPU
		{761DB94E-EF77-480B-8CEB-418D2ECA9104}.Release|Any CPU.ActiveCfg = Release|Any CPU
		{761DB94E-EF77-480B-8CEB-418D2ECA9104}.Release|Any CPU.Build.0 = Release|Any CPU
		{FF1C8614-F3C5-43ED-959B-EB4F9B1C3AC3}.Debug|Any CPU.ActiveCfg = Debug|Any CPU
		{FF1C8614-F3C5-43ED-959B-EB4F9B1C3AC3}.Debug|Any CPU.Build.0 = Debug|Any CPU
		{FF1C8614-F3C5-43ED-959B-EB4F9B1C3AC3}.Release|Any CPU.ActiveCfg = Release|Any CPU
		{FF1C8614-F3C5-43ED-959B-EB4F9B1C3AC3}.Release|Any CPU.Build.0 = Release|Any CPU
		{2C3E283F-E47F-449B-A627-A4E96A383E5D}.Debug|Any CPU.ActiveCfg = Debug|Any CPU
		{2C3E283F-E47F-449B-A627-A4E96A383E5D}.Debug|Any CPU.Build.0 = Debug|Any CPU
		{2C3E283F-E47F-449B-A627-A4E96A383E5D}.Release|Any CPU.ActiveCfg = Release|Any CPU
		{2C3E283F-E47F-449B-A627-A4E96A383E5D}.Release|Any CPU.Build.0 = Release|Any CPU
		{4D8480DD-2BE0-43F2-9D5F-B0156AF00377}.Debug|Any CPU.ActiveCfg = Debug|Any CPU
		{4D8480DD-2BE0-43F2-9D5F-B0156AF00377}.Debug|Any CPU.Build.0 = Debug|Any CPU
		{4D8480DD-2BE0-43F2-9D5F-B0156AF00377}.Release|Any CPU.ActiveCfg = Release|Any CPU
		{4D8480DD-2BE0-43F2-9D5F-B0156AF00377}.Release|Any CPU.Build.0 = Release|Any CPU
		{6D05C781-B9D2-473D-A6C6-13E77FF04644}.Debug|Any CPU.ActiveCfg = Debug|Any CPU
		{6D05C781-B9D2-473D-A6C6-13E77FF04644}.Debug|Any CPU.Build.0 = Debug|Any CPU
		{6D05C781-B9D2-473D-A6C6-13E77FF04644}.Release|Any CPU.ActiveCfg = Release|Any CPU
		{6D05C781-B9D2-473D-A6C6-13E77FF04644}.Release|Any CPU.Build.0 = Release|Any CPU
		{DAC56C7A-7CD1-410A-BDB4-2B40FC375B80}.Debug|Any CPU.ActiveCfg = Debug|Any CPU
		{DAC56C7A-7CD1-410A-BDB4-2B40FC375B80}.Debug|Any CPU.Build.0 = Debug|Any CPU
		{DAC56C7A-7CD1-410A-BDB4-2B40FC375B80}.Release|Any CPU.ActiveCfg = Release|Any CPU
		{DAC56C7A-7CD1-410A-BDB4-2B40FC375B80}.Release|Any CPU.Build.0 = Release|Any CPU
	EndGlobalSection
	GlobalSection(SolutionProperties) = preSolution
		HideSolutionNode = FALSE
	EndGlobalSection
	GlobalSection(ExtensibilityGlobals) = postSolution
		SolutionGuid = {B969B5C2-104F-44A3-BF52-A5976805F290}
	EndGlobalSection
EndGlobal
